
Microsoft Visual Studio Solution File, Format Version 12.00
# Visual Studio Version 17
VisualStudioVersion = 17.11.35327.3
MinimumVisualStudioVersion = 10.0.40219.1
Project("{FAE04EC0-301F-11D3-BF4B-00C04F79EFBC}") = "API", "API\API.csproj", "{2127BA5E-1EBE-4758-8338-5B635C959267}"
EndProject
Global
	GlobalSection(SolutionConfigurationPlatforms) = preSolution
		Debug|Any CPU = Debug|Any CPU
		Release|Any CPU = Release|Any CPU
	EndGlobalSection
	GlobalSection(ProjectConfigurationPlatforms) = postSolution
		{2127BA5E-1EBE-4758-8338-5B635C959267}.Debug|Any CPU.ActiveCfg = Debug|Any CPU
		{2127BA5E-1EBE-4758-8338-5B635C959267}.Debug|Any CPU.Build.0 = Debug|Any CPU
		{2127BA5E-1EBE-4758-8338-5B635C959267}.Release|Any CPU.ActiveCfg = Release|Any CPU
		{2127BA5E-1EBE-4758-8338-5B635C959267}.Release|Any CPU.Build.0 = Release|Any CPU
	EndGlobalSection
	GlobalSection(SolutionProperties) = preSolution
		HideSolutionNode = FALSE
	EndGlobalSection
	GlobalSection(ExtensibilityGlobals) = postSolution
		SolutionGuid = {62BED5F6-CA0E-4D1E-AB20-223E473ECCF2}
	EndGlobalSection
EndGlobal
